
Microsoft Visual Studio Solution File, Format Version 12.00
# Visual Studio Version 17
VisualStudioVersion = 17.10.35122.118
MinimumVisualStudioVersion = 10.0.40219.1
Project("{FAE04EC0-301F-11D3-BF4B-00C04F79EFBC}") = "Dog information", "Dog information.csproj", "{B4AD6ECC-BBDD-43D1-B3F2-36D5B02D41C1}"
EndProject
Global
	GlobalSection(SolutionConfigurationPlatforms) = preSolution
		Debug|Any CPU = Debug|Any CPU
		Release|Any CPU = Release|Any CPU
	EndGlobalSection
	GlobalSection(ProjectConfigurationPlatforms) = postSolution
		{B4AD6ECC-BBDD-43D1-B3F2-36D5B02D41C1}.Debug|Any CPU.ActiveCfg = Debug|Any CPU
		{B4AD6ECC-BBDD-43D1-B3F2-36D5B02D41C1}.Debug|Any CPU.Build.0 = Debug|Any CPU
		{B4AD6ECC-BBDD-43D1-B3F2-36D5B02D41C1}.Release|Any CPU.ActiveCfg = Release|Any CPU
		{B4AD6ECC-BBDD-43D1-B3F2-36D5B02D41C1}.Release|Any CPU.Build.0 = Release|Any CPU
	EndGlobalSection
	GlobalSection(SolutionProperties) = preSolution
		HideSolutionNode = FALSE
	EndGlobalSection
	GlobalSection(ExtensibilityGlobals) = postSolution
		SolutionGuid = {C5F8C76E-2D67-442D-AA52-AC3DB0101B81}
	EndGlobalSection
EndGlobal
